
Microsoft Visual Studio Solution File, Format Version 12.00
# Visual Studio Version 17
VisualStudioVersion = 17.14.36310.24 d17.14
MinimumVisualStudioVersion = 10.0.40219.1
Project("{FAE04EC0-301F-11D3-BF4B-00C04F79EFBC}") = "ConsoleApp1", "ConsoleApp1\ConsoleApp1.csproj", "{FD63AB26-C8B7-4679-ABFC-20B413A47E19}"
EndProject
Global
	GlobalSection(SolutionConfigurationPlatforms) = preSolution
		Debug|Any CPU = Debug|Any CPU
		Release|Any CPU = Release|Any CPU
	EndGlobalSection
	GlobalSection(ProjectConfigurationPlatforms) = postSolution
		{FD63AB26-C8B7-4679-ABFC-20B413A47E19}.Debug|Any CPU.ActiveCfg = Debug|Any CPU
		{FD63AB26-C8B7-4679-ABFC-20B413A47E19}.Debug|Any CPU.Build.0 = Debug|Any CPU
		{FD63AB26-C8B7-4679-ABFC-20B413A47E19}.Release|Any CPU.ActiveCfg = Release|Any CPU
		{FD63AB26-C8B7-4679-ABFC-20B413A47E19}.Release|Any CPU.Build.0 = Release|Any CPU
	EndGlobalSection
	GlobalSection(SolutionProperties) = preSolution
		HideSolutionNode = FALSE
	EndGlobalSection
	GlobalSection(ExtensibilityGlobals) = postSolution
		SolutionGuid = {4746BC52-19C0-4A3E-9B28-0A598BF12CF7}
	EndGlobalSection
EndGlobal
