
Microsoft Visual Studio Solution File, Format Version 12.00
# Visual Studio Version 17
VisualStudioVersion = 17.14.36310.24 d17.14
MinimumVisualStudioVersion = 10.0.40219.1
Project("{FAE04EC0-301F-11D3-BF4B-00C04F79EFBC}") = "Atividade15", "Atividade15\Atividade15.csproj", "{727D7749-9F4E-4C79-8BB1-CBAD00CD340C}"
EndProject
Global
	GlobalSection(SolutionConfigurationPlatforms) = preSolution
		Debug|Any CPU = Debug|Any CPU
		Release|Any CPU = Release|Any CPU
	EndGlobalSection
	GlobalSection(ProjectConfigurationPlatforms) = postSolution
		{727D7749-9F4E-4C79-8BB1-CBAD00CD340C}.Debug|Any CPU.ActiveCfg = Debug|Any CPU
		{727D7749-9F4E-4C79-8BB1-CBAD00CD340C}.Debug|Any CPU.Build.0 = Debug|Any CPU
		{727D7749-9F4E-4C79-8BB1-CBAD00CD340C}.Release|Any CPU.ActiveCfg = Release|Any CPU
		{727D7749-9F4E-4C79-8BB1-CBAD00CD340C}.Release|Any CPU.Build.0 = Release|Any CPU
	EndGlobalSection
	GlobalSection(SolutionProperties) = preSolution
		HideSolutionNode = FALSE
	EndGlobalSection
	GlobalSection(ExtensibilityGlobals) = postSolution
		SolutionGuid = {795EB623-0924-41AB-B739-28B0C84ECDB9}
	EndGlobalSection
EndGlobal
