
Microsoft Visual Studio Solution File, Format Version 12.00
# Visual Studio Version 17
VisualStudioVersion = 17.14.36310.24 d17.14
MinimumVisualStudioVersion = 10.0.40219.1
Project("{FAE04EC0-301F-11D3-BF4B-00C04F79EFBC}") = "Extra05", "Extra05\Extra05.csproj", "{9E60F314-0A85-499B-9FCA-363CF02A23B9}"
EndProject
Global
	GlobalSection(SolutionConfigurationPlatforms) = preSolution
		Debug|Any CPU = Debug|Any CPU
		Release|Any CPU = Release|Any CPU
	EndGlobalSection
	GlobalSection(ProjectConfigurationPlatforms) = postSolution
		{9E60F314-0A85-499B-9FCA-363CF02A23B9}.Debug|Any CPU.ActiveCfg = Debug|Any CPU
		{9E60F314-0A85-499B-9FCA-363CF02A23B9}.Debug|Any CPU.Build.0 = Debug|Any CPU
		{9E60F314-0A85-499B-9FCA-363CF02A23B9}.Release|Any CPU.ActiveCfg = Release|Any CPU
		{9E60F314-0A85-499B-9FCA-363CF02A23B9}.Release|Any CPU.Build.0 = Release|Any CPU
	EndGlobalSection
	GlobalSection(SolutionProperties) = preSolution
		HideSolutionNode = FALSE
	EndGlobalSection
	GlobalSection(ExtensibilityGlobals) = postSolution
		SolutionGuid = {5A547405-A7B0-4C3F-8453-B617B00EB3AA}
	EndGlobalSection
EndGlobal
